
Microsoft Visual Studio Solution File, Format Version 12.00
# Visual Studio 2012
Project("{FAE04EC0-301F-11D3-BF4B-00C04F79EFBC}") = "RavenHelloWorld", "RavenHelloWorld\RavenHelloWorld.csproj", "{CF76AA42-1AC3-4AEA-8FB3-71C08894E545}"
EndProject
Project("{FAE04EC0-301F-11D3-BF4B-00C04F79EFBC}") = "AggregatesGen", "AggregatesGen\AggregatesGen.csproj", "{FED17AA8-7080-4E56-BCB0-31B7D917926A}"
EndProject
Project("{FAE04EC0-301F-11D3-BF4B-00C04F79EFBC}") = "AggregatesStorePerfTests", "AggregatesStorePerfTests\AggregatesStorePerfTests.csproj", "{40C98528-FB78-4E50-9E58-D0033889E998}"
EndProject
Project("{FAE04EC0-301F-11D3-BF4B-00C04F79EFBC}") = "Aggregates.Model", "Aggregates.Model\Aggregates.Model.csproj", "{967A4AE9-E355-4244-8D4D-5034A786AF18}"
EndProject
Global
	GlobalSection(SolutionConfigurationPlatforms) = preSolution
		Debug|Any CPU = Debug|Any CPU
		Release|Any CPU = Release|Any CPU
	EndGlobalSection
	GlobalSection(ProjectConfigurationPlatforms) = postSolution
		{CF76AA42-1AC3-4AEA-8FB3-71C08894E545}.Debug|Any CPU.ActiveCfg = Debug|Any CPU
		{CF76AA42-1AC3-4AEA-8FB3-71C08894E545}.Debug|Any CPU.Build.0 = Debug|Any CPU
		{CF76AA42-1AC3-4AEA-8FB3-71C08894E545}.Release|Any CPU.ActiveCfg = Release|Any CPU
		{CF76AA42-1AC3-4AEA-8FB3-71C08894E545}.Release|Any CPU.Build.0 = Release|Any CPU
		{FED17AA8-7080-4E56-BCB0-31B7D917926A}.Debug|Any CPU.ActiveCfg = Debug|Any CPU
		{FED17AA8-7080-4E56-BCB0-31B7D917926A}.Debug|Any CPU.Build.0 = Debug|Any CPU
		{FED17AA8-7080-4E56-BCB0-31B7D917926A}.Release|Any CPU.ActiveCfg = Release|Any CPU
		{FED17AA8-7080-4E56-BCB0-31B7D917926A}.Release|Any CPU.Build.0 = Release|Any CPU
		{40C98528-FB78-4E50-9E58-D0033889E998}.Debug|Any CPU.ActiveCfg = Debug|Any CPU
		{40C98528-FB78-4E50-9E58-D0033889E998}.Debug|Any CPU.Build.0 = Debug|Any CPU
		{40C98528-FB78-4E50-9E58-D0033889E998}.Release|Any CPU.ActiveCfg = Release|Any CPU
		{40C98528-FB78-4E50-9E58-D0033889E998}.Release|Any CPU.Build.0 = Release|Any CPU
		{967A4AE9-E355-4244-8D4D-5034A786AF18}.Debug|Any CPU.ActiveCfg = Debug|Any CPU
		{967A4AE9-E355-4244-8D4D-5034A786AF18}.Debug|Any CPU.Build.0 = Debug|Any CPU
		{967A4AE9-E355-4244-8D4D-5034A786AF18}.Release|Any CPU.ActiveCfg = Release|Any CPU
		{967A4AE9-E355-4244-8D4D-5034A786AF18}.Release|Any CPU.Build.0 = Release|Any CPU
	EndGlobalSection
	GlobalSection(SolutionProperties) = preSolution
		HideSolutionNode = FALSE
	EndGlobalSection
EndGlobal
